
Microsoft Visual Studio Solution File, Format Version 12.00
# Visual Studio 15
Project("{FAE04EC0-301F-11D3-BF4B-00C04F79EFBC}") = "Assembly-CSharp", "Assembly-CSharp.csproj", "{DCEAEBE1-1BD7-C0C5-BCFF-7B958CBAFA93}"
EndProject
Project("{FAE04EC0-301F-11D3-BF4B-00C04F79EFBC}") = "Assembly-CSharp-Editor", "Assembly-CSharp-Editor.csproj", "{2A8C7CE7-6E98-92DA-B022-8AF9CEDAD264}"
EndProject
Global
	GlobalSection(SolutionConfigurationPlatforms) = preSolution
		Debug|Any CPU = Debug|Any CPU
		Release|Any CPU = Release|Any CPU
	EndGlobalSection
	GlobalSection(ProjectConfigurationPlatforms) = postSolution
		{DCEAEBE1-1BD7-C0C5-BCFF-7B958CBAFA93}.Debug|Any CPU.ActiveCfg = Debug|Any CPU
		{DCEAEBE1-1BD7-C0C5-BCFF-7B958CBAFA93}.Debug|Any CPU.Build.0 = Debug|Any CPU
		{DCEAEBE1-1BD7-C0C5-BCFF-7B958CBAFA93}.Release|Any CPU.ActiveCfg = Release|Any CPU
		{DCEAEBE1-1BD7-C0C5-BCFF-7B958CBAFA93}.Release|Any CPU.Build.0 = Release|Any CPU
		{2A8C7CE7-6E98-92DA-B022-8AF9CEDAD264}.Debug|Any CPU.ActiveCfg = Debug|Any CPU
		{2A8C7CE7-6E98-92DA-B022-8AF9CEDAD264}.Debug|Any CPU.Build.0 = Debug|Any CPU
		{2A8C7CE7-6E98-92DA-B022-8AF9CEDAD264}.Release|Any CPU.ActiveCfg = Release|Any CPU
		{2A8C7CE7-6E98-92DA-B022-8AF9CEDAD264}.Release|Any CPU.Build.0 = Release|Any CPU
	EndGlobalSection
	GlobalSection(SolutionProperties) = preSolution
		HideSolutionNode = FALSE
	EndGlobalSection
EndGlobal
